
Microsoft Visual Studio Solution File, Format Version 12.00
# Visual Studio Version 17
VisualStudioVersion = 17.0.31912.275
MinimumVisualStudioVersion = 10.0.40219.1
Project("{FAE04EC0-301F-11D3-BF4B-00C04F79EFBC}") = "Generics", "Generics.csproj", "{3FFA04D2-555C-4414-BC93-FE26CA6ED733}"
EndProject
Global
	GlobalSection(SolutionConfigurationPlatforms) = preSolution
		Debug|Any CPU = Debug|Any CPU
		Release|Any CPU = Release|Any CPU
	EndGlobalSection
	GlobalSection(ProjectConfigurationPlatforms) = postSolution
		{3FFA04D2-555C-4414-BC93-FE26CA6ED733}.Debug|Any CPU.ActiveCfg = Debug|Any CPU
		{3FFA04D2-555C-4414-BC93-FE26CA6ED733}.Debug|Any CPU.Build.0 = Debug|Any CPU
		{3FFA04D2-555C-4414-BC93-FE26CA6ED733}.Release|Any CPU.ActiveCfg = Release|Any CPU
		{3FFA04D2-555C-4414-BC93-FE26CA6ED733}.Release|Any CPU.Build.0 = Release|Any CPU
	EndGlobalSection
	GlobalSection(SolutionProperties) = preSolution
		HideSolutionNode = FALSE
	EndGlobalSection
	GlobalSection(ExtensibilityGlobals) = postSolution
		SolutionGuid = {35B4215F-D065-45D2-BAFE-7CA046FFD94F}
	EndGlobalSection
EndGlobal
